
Microsoft Visual Studio Solution File, Format Version 12.00
# Visual Studio Version 16
VisualStudioVersion = 16.0.30611.23
MinimumVisualStudioVersion = 10.0.40219.1
Project("{8BC9CEB8-8B4A-11D0-8D11-00A0C91BC942}") = "Bai01", "Bai01\Bai01.vcxproj", "{0AEC8ABD-1494-44B6-AC73-226CB3ADCD77}"
EndProject
Project("{8BC9CEB8-8B4A-11D0-8D11-00A0C91BC942}") = "Bai02", "Bai02\Bai02.vcxproj", "{49E44DBF-19EB-4906-8FF2-81CE6FF5DB7E}"
EndProject
Project("{8BC9CEB8-8B4A-11D0-8D11-00A0C91BC942}") = "Bai03", "Bai03\Bai03.vcxproj", "{2743D95D-CB2A-454D-8D0C-9151259544D0}"
EndProject
Project("{8BC9CEB8-8B4A-11D0-8D11-00A0C91BC942}") = "Bai04", "Bai04\Bai04.vcxproj", "{3BE529A4-050E-4414-A6BE-50BD0494BEB5}"
EndProject
Project("{8BC9CEB8-8B4A-11D0-8D11-00A0C91BC942}") = "Bai05", "Bai05\Bai05.vcxproj", "{4374EDE3-3F62-4898-8EE8-650C56649D75}"
EndProject
Project("{8BC9CEB8-8B4A-11D0-8D11-00A0C91BC942}") = "Bai06", "Bai06\Bai06.vcxproj", "{8D4494EF-361B-447E-A1CD-2C890ABF9D18}"
EndProject
Project("{8BC9CEB8-8B4A-11D0-8D11-00A0C91BC942}") = "Bai07", "Bai07\Bai07.vcxproj", "{4BEB3DC1-1D56-45AF-A901-0365B94737DC}"
EndProject
Project("{8BC9CEB8-8B4A-11D0-8D11-00A0C91BC942}") = "Bai08", "Bai08\Bai08.vcxproj", "{CE3A3255-1213-4CC1-A5D8-E5854E07B195}"
EndProject
Global
	GlobalSection(SolutionConfigurationPlatforms) = preSolution
		Debug|x64 = Debug|x64
		Debug|x86 = Debug|x86
		Release|x64 = Release|x64
		Release|x86 = Release|x86
	EndGlobalSection
	GlobalSection(ProjectConfigurationPlatforms) = postSolution
		{0AEC8ABD-1494-44B6-AC73-226CB3ADCD77}.Debug|x64.ActiveCfg = Debug|x64
		{0AEC8ABD-1494-44B6-AC73-226CB3ADCD77}.Debug|x64.Build.0 = Debug|x64
		{0AEC8ABD-1494-44B6-AC73-226CB3ADCD77}.Debug|x86.ActiveCfg = Debug|Win32
		{0AEC8ABD-1494-44B6-AC73-226CB3ADCD77}.Debug|x86.Build.0 = Debug|Win32
		{0AEC8ABD-1494-44B6-AC73-226CB3ADCD77}.Release|x64.ActiveCfg = Release|x64
		{0AEC8ABD-1494-44B6-AC73-226CB3ADCD77}.Release|x64.Build.0 = Release|x64
		{0AEC8ABD-1494-44B6-AC73-226CB3ADCD77}.Release|x86.ActiveCfg = Release|Win32
		{0AEC8ABD-1494-44B6-AC73-226CB3ADCD77}.Release|x86.Build.0 = Release|Win32
		{49E44DBF-19EB-4906-8FF2-81CE6FF5DB7E}.Debug|x64.ActiveCfg = Debug|x64
		{49E44DBF-19EB-4906-8FF2-81CE6FF5DB7E}.Debug|x64.Build.0 = Debug|x64
		{49E44DBF-19EB-4906-8FF2-81CE6FF5DB7E}.Debug|x86.ActiveCfg = Debug|Win32
		{49E44DBF-19EB-4906-8FF2-81CE6FF5DB7E}.Debug|x86.Build.0 = Debug|Win32
		{49E44DBF-19EB-4906-8FF2-81CE6FF5DB7E}.Release|x64.ActiveCfg = Release|x64
		{49E44DBF-19EB-4906-8FF2-81CE6FF5DB7E}.Release|x64.Build.0 = Release|x64
		{49E44DBF-19EB-4906-8FF2-81CE6FF5DB7E}.Release|x86.ActiveCfg = Release|Win32
		{49E44DBF-19EB-4906-8FF2-81CE6FF5DB7E}.Release|x86.Build.0 = Release|Win32
		{2743D95D-CB2A-454D-8D0C-9151259544D0}.Debug|x64.ActiveCfg = Debug|x64
		{2743D95D-CB2A-454D-8D0C-9151259544D0}.Debug|x64.Build.0 = Debug|x64
		{2743D95D-CB2A-454D-8D0C-9151259544D0}.Debug|x86.ActiveCfg = Debug|Win32
		{2743D95D-CB2A-454D-8D0C-9151259544D0}.Debug|x86.Build.0 = Debug|Win32
		{2743D95D-CB2A-454D-8D0C-9151259544D0}.Release|x64.ActiveCfg = Release|x64
		{2743D95D-CB2A-454D-8D0C-9151259544D0}.Release|x64.Build.0 = Release|x64
		{2743D95D-CB2A-454D-8D0C-9151259544D0}.Release|x86.ActiveCfg = Release|Win32
		{2743D95D-CB2A-454D-8D0C-9151259544D0}.Release|x86.Build.0 = Release|Win32
		{3BE529A4-050E-4414-A6BE-50BD0494BEB5}.Debug|x64.ActiveCfg = Debug|x64
		{3BE529A4-050E-4414-A6BE-50BD0494BEB5}.Debug|x64.Build.0 = Debug|x64
		{3BE529A4-050E-4414-A6BE-50BD0494BEB5}.Debug|x86.ActiveCfg = Debug|Win32
		{3BE529A4-050E-4414-A6BE-50BD0494BEB5}.Debug|x86.Build.0 = Debug|Win32
		{3BE529A4-050E-4414-A6BE-50BD0494BEB5}.Release|x64.ActiveCfg = Release|x64
		{3BE529A4-050E-4414-A6BE-50BD0494BEB5}.Release|x64.Build.0 = Release|x64
		{3BE529A4-050E-4414-A6BE-50BD0494BEB5}.Release|x86.ActiveCfg = Release|Win32
		{3BE529A4-050E-4414-A6BE-50BD0494BEB5}.Release|x86.Build.0 = Release|Win32
		{4374EDE3-3F62-4898-8EE8-650C56649D75}.Debug|x64.ActiveCfg = Debug|x64
		{4374EDE3-3F62-4898-8EE8-650C56649D75}.Debug|x64.Build.0 = Debug|x64
		{4374EDE3-3F62-4898-8EE8-650C56649D75}.Debug|x86.ActiveCfg = Debug|Win32
		{4374EDE3-3F62-4898-8EE8-650C56649D75}.Debug|x86.Build.0 = Debug|Win32
		{4374EDE3-3F62-4898-8EE8-650C56649D75}.Release|x64.ActiveCfg = Release|x64
		{4374EDE3-3F62-4898-8EE8-650C56649D75}.Release|x64.Build.0 = Release|x64
		{4374EDE3-3F62-4898-8EE8-650C56649D75}.Release|x86.ActiveCfg = Release|Win32
		{4374EDE3-3F62-4898-8EE8-650C56649D75}.Release|x86.Build.0 = Release|Win32
		{8D4494EF-361B-447E-A1CD-2C890ABF9D18}.Debug|x64.ActiveCfg = Debug|x64
		{8D4494EF-361B-447E-A1CD-2C890ABF9D18}.Debug|x64.Build.0 = Debug|x64
		{8D4494EF-361B-447E-A1CD-2C890ABF9D18}.Debug|x86.ActiveCfg = Debug|Win32
		{8D4494EF-361B-447E-A1CD-2C890ABF9D18}.Debug|x86.Build.0 = Debug|Win32
		{8D4494EF-361B-447E-A1CD-2C890ABF9D18}.Release|x64.ActiveCfg = Release|x64
		{8D4494EF-361B-447E-A1CD-2C890ABF9D18}.Release|x64.Build.0 = Release|x64
		{8D4494EF-361B-447E-A1CD-2C890ABF9D18}.Release|x86.ActiveCfg = Release|Win32
		{8D4494EF-361B-447E-A1CD-2C890ABF9D18}.Release|x86.Build.0 = Release|Win32
		{4BEB3DC1-1D56-45AF-A901-0365B94737DC}.Debug|x64.ActiveCfg = Debug|x64
		{4BEB3DC1-1D56-45AF-A901-0365B94737DC}.Debug|x64.Build.0 = Debug|x64
		{4BEB3DC1-1D56-45AF-A901-0365B94737DC}.Debug|x86.ActiveCfg = Debug|Win32
		{4BEB3DC1-1D56-45AF-A901-0365B94737DC}.Debug|x86.Build.0 = Debug|Win32
		{4BEB3DC1-1D56-45AF-A901-0365B94737DC}.Release|x64.ActiveCfg = Release|x64
		{4BEB3DC1-1D56-45AF-A901-0365B94737DC}.Release|x64.Build.0 = Release|x64
		{4BEB3DC1-1D56-45AF-A901-0365B94737DC}.Release|x86.ActiveCfg = Release|Win32
		{4BEB3DC1-1D56-45AF-A901-0365B94737DC}.Release|x86.Build.0 = Release|Win32
		{CE3A3255-1213-4CC1-A5D8-E5854E07B195}.Debug|x64.ActiveCfg = Debug|x64
		{CE3A3255-1213-4CC1-A5D8-E5854E07B195}.Debug|x64.Build.0 = Debug|x64
		{CE3A3255-1213-4CC1-A5D8-E5854E07B195}.Debug|x86.ActiveCfg = Debug|Win32
		{CE3A3255-1213-4CC1-A5D8-E5854E07B195}.Debug|x86.Build.0 = Debug|Win32
		{CE3A3255-1213-4CC1-A5D8-E5854E07B195}.Release|x64.ActiveCfg = Release|x64
		{CE3A3255-1213-4CC1-A5D8-E5854E07B195}.Release|x64.Build.0 = Release|x64
		{CE3A3255-1213-4CC1-A5D8-E5854E07B195}.Release|x86.ActiveCfg = Release|Win32
		{CE3A3255-1213-4CC1-A5D8-E5854E07B195}.Release|x86.Build.0 = Release|Win32
	EndGlobalSection
	GlobalSection(SolutionProperties) = preSolution
		HideSolutionNode = FALSE
	EndGlobalSection
	GlobalSection(ExtensibilityGlobals) = postSolution
		SolutionGuid = {C7F3E053-C01A-45B2-87F7-437C0C989C7B}
	EndGlobalSection
EndGlobal
